
Microsoft Visual Studio Solution File, Format Version 12.00
# Visual Studio 15
VisualStudioVersion = 15.0.28307.271
MinimumVisualStudioVersion = 10.0.40219.1
Project("{FAE04EC0-301F-11D3-BF4B-00C04F79EFBC}") = "Bookstore.WebMVC", "Bookstore.WebMVC\Bookstore.WebMVC.csproj", "{D6602CF9-34D7-40D6-A747-C34315192B43}"
EndProject
Project("{FAE04EC0-301F-11D3-BF4B-00C04F79EFBC}") = "Bookstore.Data", "Bookstore.Data\Bookstore.Data.csproj", "{826CC665-B68D-4E14-B47C-7FBA35318E33}"
EndProject
Project("{FAE04EC0-301F-11D3-BF4B-00C04F79EFBC}") = "Bookstore.Models", "Bookstore.Models\Bookstore.Models.csproj", "{F2AEA227-C475-4495-A8F8-7D95A6FC0FBC}"
EndProject
Project("{FAE04EC0-301F-11D3-BF4B-00C04F79EFBC}") = "Bookstore.Contracts", "Bookstore.Contracts\Bookstore.Contracts.csproj", "{4C94BD84-2251-4B7B-8A4B-3F3A5D8FB10B}"
EndProject
Project("{FAE04EC0-301F-11D3-BF4B-00C04F79EFBC}") = "Bookstore.Services", "Bookstore.Services\Bookstore.Services.csproj", "{021A4832-C412-4AE2-BB0B-2ED02E605991}"
EndProject
Project("{FAE04EC0-301F-11D3-BF4B-00C04F79EFBC}") = "Bookstore.Tests", "Bookstore.Tests\Bookstore.Tests.csproj", "{2273C04E-F3F5-4787-BDF3-87FE042A3D2D}"
EndProject
Global
	GlobalSection(SolutionConfigurationPlatforms) = preSolution
		Debug|Any CPU = Debug|Any CPU
		Release|Any CPU = Release|Any CPU
	EndGlobalSection
	GlobalSection(ProjectConfigurationPlatforms) = postSolution
		{D6602CF9-34D7-40D6-A747-C34315192B43}.Debug|Any CPU.ActiveCfg = Debug|Any CPU
		{D6602CF9-34D7-40D6-A747-C34315192B43}.Debug|Any CPU.Build.0 = Debug|Any CPU
		{D6602CF9-34D7-40D6-A747-C34315192B43}.Release|Any CPU.ActiveCfg = Release|Any CPU
		{D6602CF9-34D7-40D6-A747-C34315192B43}.Release|Any CPU.Build.0 = Release|Any CPU
		{826CC665-B68D-4E14-B47C-7FBA35318E33}.Debug|Any CPU.ActiveCfg = Debug|Any CPU
		{826CC665-B68D-4E14-B47C-7FBA35318E33}.Debug|Any CPU.Build.0 = Debug|Any CPU
		{826CC665-B68D-4E14-B47C-7FBA35318E33}.Release|Any CPU.ActiveCfg = Release|Any CPU
		{826CC665-B68D-4E14-B47C-7FBA35318E33}.Release|Any CPU.Build.0 = Release|Any CPU
		{F2AEA227-C475-4495-A8F8-7D95A6FC0FBC}.Debug|Any CPU.ActiveCfg = Debug|Any CPU
		{F2AEA227-C475-4495-A8F8-7D95A6FC0FBC}.Debug|Any CPU.Build.0 = Debug|Any CPU
		{F2AEA227-C475-4495-A8F8-7D95A6FC0FBC}.Release|Any CPU.ActiveCfg = Release|Any CPU
		{F2AEA227-C475-4495-A8F8-7D95A6FC0FBC}.Release|Any CPU.Build.0 = Release|Any CPU
		{4C94BD84-2251-4B7B-8A4B-3F3A5D8FB10B}.Debug|Any CPU.ActiveCfg = Debug|Any CPU
		{4C94BD84-2251-4B7B-8A4B-3F3A5D8FB10B}.Debug|Any CPU.Build.0 = Debug|Any CPU
		{4C94BD84-2251-4B7B-8A4B-3F3A5D8FB10B}.Release|Any CPU.ActiveCfg = Release|Any CPU
		{4C94BD84-2251-4B7B-8A4B-3F3A5D8FB10B}.Release|Any CPU.Build.0 = Release|Any CPU
		{021A4832-C412-4AE2-BB0B-2ED02E605991}.Debug|Any CPU.ActiveCfg = Debug|Any CPU
		{021A4832-C412-4AE2-BB0B-2ED02E605991}.Debug|Any CPU.Build.0 = Debug|Any CPU
		{021A4832-C412-4AE2-BB0B-2ED02E605991}.Release|Any CPU.ActiveCfg = Release|Any CPU
		{021A4832-C412-4AE2-BB0B-2ED02E605991}.Release|Any CPU.Build.0 = Release|Any CPU
		{2273C04E-F3F5-4787-BDF3-87FE042A3D2D}.Debug|Any CPU.ActiveCfg = Debug|Any CPU
		{2273C04E-F3F5-4787-BDF3-87FE042A3D2D}.Debug|Any CPU.Build.0 = Debug|Any CPU
		{2273C04E-F3F5-4787-BDF3-87FE042A3D2D}.Release|Any CPU.ActiveCfg = Release|Any CPU
		{2273C04E-F3F5-4787-BDF3-87FE042A3D2D}.Release|Any CPU.Build.0 = Release|Any CPU
	EndGlobalSection
	GlobalSection(SolutionProperties) = preSolution
		HideSolutionNode = FALSE
	EndGlobalSection
	GlobalSection(ExtensibilityGlobals) = postSolution
		SolutionGuid = {B461EA11-83A6-4BD4-9AD3-4A536C949FAD}
	EndGlobalSection
EndGlobal
